
Microsoft Visual Studio Solution File, Format Version 12.00
# Visual Studio 15
Project("{FAE04EC0-301F-11D3-BF4B-00C04F79EFBC}") = "KLib", "KLib.csproj", "{FCA7227B-C5C8-1C10-A9A6-A244C4FDB62D}"
EndProject
Project("{FAE04EC0-301F-11D3-BF4B-00C04F79EFBC}") = "KLib.Math", "KLib.Math.csproj", "{011333B3-FC9F-9FD1-6068-06E0FB7E5354}"
EndProject
Project("{FAE04EC0-301F-11D3-BF4B-00C04F79EFBC}") = "KLib.Network", "KLib.Network.csproj", "{3E828D9E-4A4E-023C-A396-2BD32D0723C6}"
EndProject
Project("{FAE04EC0-301F-11D3-BF4B-00C04F79EFBC}") = "KLib.MSGraph", "KLib.MSGraph.csproj", "{11873DFD-FD00-2720-9EE4-8D12766BB2B3}"
EndProject
Global
	GlobalSection(SolutionConfigurationPlatforms) = preSolution
		Debug|Any CPU = Debug|Any CPU
		Release|Any CPU = Release|Any CPU
	EndGlobalSection
	GlobalSection(ProjectConfigurationPlatforms) = postSolution
		{FCA7227B-C5C8-1C10-A9A6-A244C4FDB62D}.Debug|Any CPU.ActiveCfg = Debug|Any CPU
		{FCA7227B-C5C8-1C10-A9A6-A244C4FDB62D}.Debug|Any CPU.Build.0 = Debug|Any CPU
		{FCA7227B-C5C8-1C10-A9A6-A244C4FDB62D}.Release|Any CPU.ActiveCfg = Release|Any CPU
		{FCA7227B-C5C8-1C10-A9A6-A244C4FDB62D}.Release|Any CPU.Build.0 = Release|Any CPU
		{011333B3-FC9F-9FD1-6068-06E0FB7E5354}.Debug|Any CPU.ActiveCfg = Debug|Any CPU
		{011333B3-FC9F-9FD1-6068-06E0FB7E5354}.Debug|Any CPU.Build.0 = Debug|Any CPU
		{011333B3-FC9F-9FD1-6068-06E0FB7E5354}.Release|Any CPU.ActiveCfg = Release|Any CPU
		{011333B3-FC9F-9FD1-6068-06E0FB7E5354}.Release|Any CPU.Build.0 = Release|Any CPU
		{3E828D9E-4A4E-023C-A396-2BD32D0723C6}.Debug|Any CPU.ActiveCfg = Debug|Any CPU
		{3E828D9E-4A4E-023C-A396-2BD32D0723C6}.Debug|Any CPU.Build.0 = Debug|Any CPU
		{3E828D9E-4A4E-023C-A396-2BD32D0723C6}.Release|Any CPU.ActiveCfg = Release|Any CPU
		{3E828D9E-4A4E-023C-A396-2BD32D0723C6}.Release|Any CPU.Build.0 = Release|Any CPU
		{11873DFD-FD00-2720-9EE4-8D12766BB2B3}.Debug|Any CPU.ActiveCfg = Debug|Any CPU
		{11873DFD-FD00-2720-9EE4-8D12766BB2B3}.Debug|Any CPU.Build.0 = Debug|Any CPU
		{11873DFD-FD00-2720-9EE4-8D12766BB2B3}.Release|Any CPU.ActiveCfg = Release|Any CPU
		{11873DFD-FD00-2720-9EE4-8D12766BB2B3}.Release|Any CPU.Build.0 = Release|Any CPU
	EndGlobalSection
	GlobalSection(SolutionProperties) = preSolution
		HideSolutionNode = FALSE
	EndGlobalSection
EndGlobal
